// !$*UTF8*$!
{
	archiveVersion = 1;
	classes = {
	};
	objectVersion = 50;
	objects = {

/* Begin PBXBuildFile section */
		BD501D9E2611A1A200DE60F2 /* AppDelegate.swift in Sources */ = {isa = PBXBuildFile; fileRef = BD501D9D2611A1A200DE60F2 /* AppDelegate.swift */; };
		BD501DA02611A1A200DE60F2 /* SceneDelegate.swift in Sources */ = {isa = PBXBuildFile; fileRef = BD501D9F2611A1A200DE60F2 /* SceneDelegate.swift */; };
		BD501DA22611A1A200DE60F2 /* ViewController.swift in Sources */ = {isa = PBXBuildFile; fileRef = BD501DA12611A1A200DE60F2 /* ViewController.swift */; };
		BD501DA52611A1A200DE60F2 /* Main.storyboard in Resources */ = {isa = PBXBuildFile; fileRef = BD501DA32611A1A200DE60F2 /* Main.storyboard */; };
		BD501DA72611A1A300DE60F2 /* Assets.xcassets in Resources */ = {isa = PBXBuildFile; fileRef = BD501DA62611A1A300DE60F2 /* Assets.xcassets */; };
		BD501DAA2611A1A300DE60F2 /* LaunchScreen.storyboard in Resources */ = {isa = PBXBuildFile; fileRef = BD501DA82611A1A300DE60F2 /* LaunchScreen.storyboard */; };
		BD501DB52611A1A300DE60F2 /* SignUpAppTests.swift in Sources */ = {isa = PBXBuildFile; fileRef = BD501DB42611A1A300DE60F2 /* SignUpAppTests.swift */; };
		BD501DC02611A1A300DE60F2 /* SignUpAppUITests.swift in Sources */ = {isa = PBXBuildFile; fileRef = BD501DBF2611A1A300DE60F2 /* SignUpAppUITests.swift */; };
		BD501E5226122CB300DE60F2 /* RegularExpression.swift in Sources */ = {isa = PBXBuildFile; fileRef = BD501E5126122CB300DE60F2 /* RegularExpression.swift */; };
		BD501E652612FA0600DE60F2 /* IdTextFieldDelegate.swift in Sources */ = {isa = PBXBuildFile; fileRef = BD501E642612FA0600DE60F2 /* IdTextFieldDelegate.swift */; };
		BD501E6A2612FA1700DE60F2 /* PwTextFieldDelegate.swift in Sources */ = {isa = PBXBuildFile; fileRef = BD501E692612FA1700DE60F2 /* PwTextFieldDelegate.swift */; };
		BD501E6F2612FB9400DE60F2 /* TextFieldDelegate.swift in Sources */ = {isa = PBXBuildFile; fileRef = BD501E6E2612FB9400DE60F2 /* TextFieldDelegate.swift */; };
/* End PBXBuildFile section */

/* Begin PBXContainerItemProxy section */
		BD501DB12611A1A300DE60F2 /* PBXContainerItemProxy */ = {
			isa = PBXContainerItemProxy;
			containerPortal = BD501D922611A1A200DE60F2 /* Project object */;
			proxyType = 1;
			remoteGlobalIDString = BD501D992611A1A200DE60F2;
			remoteInfo = SignUpApp;
		};
		BD501DBC2611A1A300DE60F2 /* PBXContainerItemProxy */ = {
			isa = PBXContainerItemProxy;
			containerPortal = BD501D922611A1A200DE60F2 /* Project object */;
			proxyType = 1;
			remoteGlobalIDString = BD501D992611A1A200DE60F2;
			remoteInfo = SignUpApp;
		};
/* End PBXContainerItemProxy section */

/* Begin PBXFileReference section */
		BD501D9A2611A1A200DE60F2 /* SignUpApp.app */ = {isa = PBXFileReference; explicitFileType = wrapper.application; includeInIndex = 0; path = SignUpApp.app; sourceTree = BUILT_PRODUCTS_DIR; };
		BD501D9D2611A1A200DE60F2 /* AppDelegate.swift */ = {isa = PBXFileReference; lastKnownFileType = sourcecode.swift; path = AppDelegate.swift; sourceTree = "<group>"; };
		BD501D9F2611A1A200DE60F2 /* SceneDelegate.swift */ = {isa = PBXFileReference; lastKnownFileType = sourcecode.swift; path = SceneDelegate.swift; sourceTree = "<group>"; };
		BD501DA12611A1A200DE60F2 /* ViewController.swift */ = {isa = PBXFileReference; lastKnownFileType = sourcecode.swift; path = ViewController.swift; sourceTree = "<group>"; };
		BD501DA42611A1A200DE60F2 /* Base */ = {isa = PBXFileReference; lastKnownFileType = file.storyboard; name = Base; path = Base.lproj/Main.storyboard; sourceTree = "<group>"; };
		BD501DA62611A1A300DE60F2 /* Assets.xcassets */ = {isa = PBXFileReference; lastKnownFileType = folder.assetcatalog; path = Assets.xcassets; sourceTree = "<group>"; };
		BD501DA92611A1A300DE60F2 /* Base */ = {isa = PBXFileReference; lastKnownFileType = file.storyboard; name = Base; path = Base.lproj/LaunchScreen.storyboard; sourceTree = "<group>"; };
		BD501DAB2611A1A300DE60F2 /* Info.plist */ = {isa = PBXFileReference; lastKnownFileType = text.plist.xml; path = Info.plist; sourceTree = "<group>"; };
		BD501DB02611A1A300DE60F2 /* SignUpAppTests.xctest */ = {isa = PBXFileReference; explicitFileType = wrapper.cfbundle; includeInIndex = 0; path = SignUpAppTests.xctest; sourceTree = BUILT_PRODUCTS_DIR; };
		BD501DB42611A1A300DE60F2 /* SignUpAppTests.swift */ = {isa = PBXFileReference; lastKnownFileType = sourcecode.swift; path = SignUpAppTests.swift; sourceTree = "<group>"; };
		BD501DB62611A1A300DE60F2 /* Info.plist */ = {isa = PBXFileReference; lastKnownFileType = text.plist.xml; path = Info.plist; sourceTree = "<group>"; };
		BD501DBB2611A1A300DE60F2 /* SignUpAppUITests.xctest */ = {isa = PBXFileReference; explicitFileType = wrapper.cfbundle; includeInIndex = 0; path = SignUpAppUITests.xctest; sourceTree = BUILT_PRODUCTS_DIR; };
		BD501DBF2611A1A300DE60F2 /* SignUpAppUITests.swift */ = {isa = PBXFileReference; lastKnownFileType = sourcecode.swift; path = SignUpAppUITests.swift; sourceTree = "<group>"; };
		BD501DC12611A1A300DE60F2 /* Info.plist */ = {isa = PBXFileReference; lastKnownFileType = text.plist.xml; path = Info.plist; sourceTree = "<group>"; };
		BD501E5126122CB300DE60F2 /* RegularExpression.swift */ = {isa = PBXFileReference; lastKnownFileType = sourcecode.swift; path = RegularExpression.swift; sourceTree = "<group>"; };
		BD501E642612FA0600DE60F2 /* IdTextFieldDelegate.swift */ = {isa = PBXFileReference; lastKnownFileType = sourcecode.swift; path = IdTextFieldDelegate.swift; sourceTree = "<group>"; };
		BD501E692612FA1700DE60F2 /* PwTextFieldDelegate.swift */ = {isa = PBXFileReference; lastKnownFileType = sourcecode.swift; path = PwTextFieldDelegate.swift; sourceTree = "<group>"; };
		BD501E6E2612FB9400DE60F2 /* TextFieldDelegate.swift */ = {isa = PBXFileReference; lastKnownFileType = sourcecode.swift; path = TextFieldDelegate.swift; sourceTree = "<group>"; };
/* End PBXFileReference section */

/* Begin PBXFrameworksBuildPhase section */
		BD501D972611A1A200DE60F2 /* Frameworks */ = {
			isa = PBXFrameworksBuildPhase;
			buildActionMask = 2147483647;
			files = (
			);
			runOnlyForDeploymentPostprocessing = 0;
		};
		BD501DAD2611A1A300DE60F2 /* Frameworks */ = {
			isa = PBXFrameworksBuildPhase;
			buildActionMask = 2147483647;
			files = (
			);
			runOnlyForDeploymentPostprocessing = 0;
		};
		BD501DB82611A1A300DE60F2 /* Frameworks */ = {
			isa = PBXFrameworksBuildPhase;
			buildActionMask = 2147483647;
			files = (
			);
			runOnlyForDeploymentPostprocessing = 0;
		};
/* End PBXFrameworksBuildPhase section */

/* Begin PBXGroup section */
		BD501D912611A1A200DE60F2 = {
			isa = PBXGroup;
			children = (
				BD501D9C2611A1A200DE60F2 /* SignUpApp */,
				BD501DB32611A1A300DE60F2 /* SignUpAppTests */,
				BD501DBE2611A1A300DE60F2 /* SignUpAppUITests */,
				BD501D9B2611A1A200DE60F2 /* Products */,
			);
			sourceTree = "<group>";
		};
		BD501D9B2611A1A200DE60F2 /* Products */ = {
			isa = PBXGroup;
			children = (
				BD501D9A2611A1A200DE60F2 /* SignUpApp.app */,
				BD501DB02611A1A300DE60F2 /* SignUpAppTests.xctest */,
				BD501DBB2611A1A300DE60F2 /* SignUpAppUITests.xctest */,
			);
			name = Products;
			sourceTree = "<group>";
		};
		BD501D9C2611A1A200DE60F2 /* SignUpApp */ = {
			isa = PBXGroup;
			children = (
				BD501D9D2611A1A200DE60F2 /* AppDelegate.swift */,
				BD501D9F2611A1A200DE60F2 /* SceneDelegate.swift */,
				BD501DA32611A1A200DE60F2 /* Main.storyboard */,
				BD501DA62611A1A300DE60F2 /* Assets.xcassets */,
				BD501DA82611A1A300DE60F2 /* LaunchScreen.storyboard */,
				BD501DAB2611A1A300DE60F2 /* Info.plist */,
				BD501E452612275000DE60F2 /* Controller */,
				BD501DDD2611F5C900DE60F2 /* Model */,
				BD501E442612271600DE60F2 /* View */,
			);
			path = SignUpApp;
			sourceTree = "<group>";
		};
		BD501DB32611A1A300DE60F2 /* SignUpAppTests */ = {
			isa = PBXGroup;
			children = (
				BD501DB42611A1A300DE60F2 /* SignUpAppTests.swift */,
				BD501DB62611A1A300DE60F2 /* Info.plist */,
			);
			path = SignUpAppTests;
			sourceTree = "<group>";
		};
		BD501DBE2611A1A300DE60F2 /* SignUpAppUITests */ = {
			isa = PBXGroup;
			children = (
				BD501DBF2611A1A300DE60F2 /* SignUpAppUITests.swift */,
				BD501DC12611A1A300DE60F2 /* Info.plist */,
			);
			path = SignUpAppUITests;
			sourceTree = "<group>";
		};
		BD501DDD2611F5C900DE60F2 /* Model */ = {
			isa = PBXGroup;
			children = (
				BD501E5126122CB300DE60F2 /* RegularExpression.swift */,
			);
			path = Model;
			sourceTree = "<group>";
		};
		BD501E442612271600DE60F2 /* View */ = {
			isa = PBXGroup;
			children = (
			);
			path = View;
			sourceTree = "<group>";
		};
		BD501E452612275000DE60F2 /* Controller */ = {
			isa = PBXGroup;
			children = (
				BD501DA12611A1A200DE60F2 /* ViewController.swift */,
				BD501E6E2612FB9400DE60F2 /* TextFieldDelegate.swift */,
				BD501E642612FA0600DE60F2 /* IdTextFieldDelegate.swift */,
				BD501E692612FA1700DE60F2 /* PwTextFieldDelegate.swift */,
			);
			path = Controller;
			sourceTree = "<group>";
		};
/* End PBXGroup section */

/* Begin PBXNativeTarget section */
		BD501D992611A1A200DE60F2 /* SignUpApp */ = {
			isa = PBXNativeTarget;
			buildConfigurationList = BD501DC42611A1A300DE60F2 /* Build configuration list for PBXNativeTarget "SignUpApp" */;
			buildPhases = (
				BD501D962611A1A200DE60F2 /* Sources */,
				BD501D972611A1A200DE60F2 /* Frameworks */,
				BD501D982611A1A200DE60F2 /* Resources */,
			);
			buildRules = (
			);
			dependencies = (
			);
			name = SignUpApp;
			productName = SignUpApp;
			productReference = BD501D9A2611A1A200DE60F2 /* SignUpApp.app */;
			productType = "com.apple.product-type.application";
		};
		BD501DAF2611A1A300DE60F2 /* SignUpAppTests */ = {
			isa = PBXNativeTarget;
			buildConfigurationList = BD501DC72611A1A300DE60F2 /* Build configuration list for PBXNativeTarget "SignUpAppTests" */;
			buildPhases = (
				BD501DAC2611A1A300DE60F2 /* Sources */,
				BD501DAD2611A1A300DE60F2 /* Frameworks */,
				BD501DAE2611A1A300DE60F2 /* Resources */,
			);
			buildRules = (
			);
			dependencies = (
				BD501DB22611A1A300DE60F2 /* PBXTargetDependency */,
			);
			name = SignUpAppTests;
			productName = SignUpAppTests;
			productReference = BD501DB02611A1A300DE60F2 /* SignUpAppTests.xctest */;
			productType = "com.apple.product-type.bundle.unit-test";
		};
		BD501DBA2611A1A300DE60F2 /* SignUpAppUITests */ = {
			isa = PBXNativeTarget;
			buildConfigurationList = BD501DCA2611A1A300DE60F2 /* Build configuration list for PBXNativeTarget "SignUpAppUITests" */;
			buildPhases = (
				BD501DB72611A1A300DE60F2 /* Sources */,
				BD501DB82611A1A300DE60F2 /* Frameworks */,
				BD501DB92611A1A300DE60F2 /* Resources */,
			);
			buildRules = (
			);
			dependencies = (
				BD501DBD2611A1A300DE60F2 /* PBXTargetDependency */,
			);
			name = SignUpAppUITests;
			productName = SignUpAppUITests;
			productReference = BD501DBB2611A1A300DE60F2 /* SignUpAppUITests.xctest */;
			productType = "com.apple.product-type.bundle.ui-testing";
		};
/* End PBXNativeTarget section */

/* Begin PBXProject section */
		BD501D922611A1A200DE60F2 /* Project object */ = {
			isa = PBXProject;
			attributes = {
				LastSwiftUpdateCheck = 1240;
				LastUpgradeCheck = 1240;
				TargetAttributes = {
					BD501D992611A1A200DE60F2 = {
						CreatedOnToolsVersion = 12.4;
					};
					BD501DAF2611A1A300DE60F2 = {
						CreatedOnToolsVersion = 12.4;
						TestTargetID = BD501D992611A1A200DE60F2;
					};
					BD501DBA2611A1A300DE60F2 = {
						CreatedOnToolsVersion = 12.4;
						TestTargetID = BD501D992611A1A200DE60F2;
					};
				};
			};
			buildConfigurationList = BD501D952611A1A200DE60F2 /* Build configuration list for PBXProject "SignUpApp" */;
			compatibilityVersion = "Xcode 9.3";
			developmentRegion = en;
			hasScannedForEncodings = 0;
			knownRegions = (
				en,
				Base,
			);
			mainGroup = BD501D912611A1A200DE60F2;
			productRefGroup = BD501D9B2611A1A200DE60F2 /* Products */;
			projectDirPath = "";
			projectRoot = "";
			targets = (
				BD501D992611A1A200DE60F2 /* SignUpApp */,
				BD501DAF2611A1A300DE60F2 /* SignUpAppTests */,
				BD501DBA2611A1A300DE60F2 /* SignUpAppUITests */,
			);
		};
/* End PBXProject section */

/* Begin PBXResourcesBuildPhase section */
		BD501D982611A1A200DE60F2 /* Resources */ = {
			isa = PBXResourcesBuildPhase;
			buildActionMask = 2147483647;
			files = (
				BD501DAA2611A1A300DE60F2 /* LaunchScreen.storyboard in Resources */,
				BD501DA72611A1A300DE60F2 /* Assets.xcassets in Resources */,
				BD501DA52611A1A200DE60F2 /* Main.storyboard in Resources */,
			);
			runOnlyForDeploymentPostprocessing = 0;
		};
		BD501DAE2611A1A300DE60F2 /* Resources */ = {
			isa = PBXResourcesBuildPhase;
			buildActionMask = 2147483647;
			files = (
			);
			runOnlyForDeploymentPostprocessing = 0;
		};
		BD501DB92611A1A300DE60F2 /* Resources */ = {
			isa = PBXResourcesBuildPhase;
			buildActionMask = 2147483647;
			files = (
			);
			runOnlyForDeploymentPostprocessing = 0;
		};
/* End PBXResourcesBuildPhase section */

/* Begin PBXSourcesBuildPhase section */
		BD501D962611A1A200DE60F2 /* Sources */ = {
			isa = PBXSourcesBuildPhase;
			buildActionMask = 2147483647;
			files = (
				BD501E5226122CB300DE60F2 /* RegularExpression.swift in Sources */,
				BD501E6A2612FA1700DE60F2 /* PwTextFieldDelegate.swift in Sources */,
				BD501DA22611A1A200DE60F2 /* ViewController.swift in Sources */,
				BD501E6F2612FB9400DE60F2 /* TextFieldDelegate.swift in Sources */,
				BD501D9E2611A1A200DE60F2 /* AppDelegate.swift in Sources */,
				BD501E652612FA0600DE60F2 /* IdTextFieldDelegate.swift in Sources */,
				BD501DA02611A1A200DE60F2 /* SceneDelegate.swift in Sources */,
			);
			runOnlyForDeploymentPostprocessing = 0;
		};
		BD501DAC2611A1A300DE60F2 /* Sources */ = {
			isa = PBXSourcesBuildPhase;
			buildActionMask = 2147483647;
			files = (
				BD501DB52611A1A300DE60F2 /* SignUpAppTests.swift in Sources */,
			);
			runOnlyForDeploymentPostprocessing = 0;
		};
		BD501DB72611A1A300DE60F2 /* Sources */ = {
			isa = PBXSourcesBuildPhase;
			buildActionMask = 2147483647;
			files = (
				BD501DC02611A1A300DE60F2 /* SignUpAppUITests.swift in Sources */,
			);
			runOnlyForDeploymentPostprocessing = 0;
		};
/* End PBXSourcesBuildPhase section */

/* Begin PBXTargetDependency section */
		BD501DB22611A1A300DE60F2 /* PBXTargetDependency */ = {
			isa = PBXTargetDependency;
			target = BD501D992611A1A200DE60F2 /* SignUpApp */;
			targetProxy = BD501DB12611A1A300DE60F2 /* PBXContainerItemProxy */;
		};
		BD501DBD2611A1A300DE60F2 /* PBXTargetDependency */ = {
			isa = PBXTargetDependency;
			target = BD501D992611A1A200DE60F2 /* SignUpApp */;
			targetProxy = BD501DBC2611A1A300DE60F2 /* PBXContainerItemProxy */;
		};
/* End PBXTargetDependency section */

/* Begin PBXVariantGroup section */
		BD501DA32611A1A200DE60F2 /* Main.storyboard */ = {
			isa = PBXVariantGroup;
			children = (
				BD501DA42611A1A200DE60F2 /* Base */,
			);
			name = Main.storyboard;
			sourceTree = "<group>";
		};
		BD501DA82611A1A300DE60F2 /* LaunchScreen.storyboard */ = {
			isa = PBXVariantGroup;
			children = (
				BD501DA92611A1A300DE60F2 /* Base */,
			);
			name = LaunchScreen.storyboard;
			sourceTree = "<group>";
		};
/* End PBXVariantGroup section */

/* Begin XCBuildConfiguration section */
		BD501DC22611A1A300DE60F2 /* Debug */ = {
			isa = XCBuildConfiguration;
			buildSettings = {
				ALWAYS_SEARCH_USER_PATHS = NO;
				CLANG_ANALYZER_NONNULL = YES;
				CLANG_ANALYZER_NUMBER_OBJECT_CONVERSION = YES_AGGRESSIVE;
				CLANG_CXX_LANGUAGE_STANDARD = "gnu++14";
				CLANG_CXX_LIBRARY = "libc++";
				CLANG_ENABLE_MODULES = YES;
				CLANG_ENABLE_OBJC_ARC = YES;
				CLANG_ENABLE_OBJC_WEAK = YES;
				CLANG_WARN_BLOCK_CAPTURE_AUTORELEASING = YES;
				CLANG_WARN_BOOL_CONVERSION = YES;
				CLANG_WARN_COMMA = YES;
				CLANG_WARN_CONSTANT_CONVERSION = YES;
				CLANG_WARN_DEPRECATED_OBJC_IMPLEMENTATIONS = YES;
				CLANG_WARN_DIRECT_OBJC_ISA_USAGE = YES_ERROR;
				CLANG_WARN_DOCUMENTATION_COMMENTS = YES;
				CLANG_WARN_EMPTY_BODY = YES;
				CLANG_WARN_ENUM_CONVERSION = YES;
				CLANG_WARN_INFINITE_RECURSION = YES;
				CLANG_WARN_INT_CONVERSION = YES;
				CLANG_WARN_NON_LITERAL_NULL_CONVERSION = YES;
				CLANG_WARN_OBJC_IMPLICIT_RETAIN_SELF = YES;
				CLANG_WARN_OBJC_LITERAL_CONVERSION = YES;
				CLANG_WARN_OBJC_ROOT_CLASS = YES_ERROR;
				CLANG_WARN_QUOTED_INCLUDE_IN_FRAMEWORK_HEADER = YES;
				CLANG_WARN_RANGE_LOOP_ANALYSIS = YES;
				CLANG_WARN_STRICT_PROTOTYPES = YES;
				CLANG_WARN_SUSPICIOUS_MOVE = YES;
				CLANG_WARN_UNGUARDED_AVAILABILITY = YES_AGGRESSIVE;
				CLANG_WARN_UNREACHABLE_CODE = YES;
				CLANG_WARN__DUPLICATE_METHOD_MATCH = YES;
				COPY_PHASE_STRIP = NO;
				DEBUG_INFORMATION_FORMAT = dwarf;
				ENABLE_STRICT_OBJC_MSGSEND = YES;
				ENABLE_TESTABILITY = YES;
				GCC_C_LANGUAGE_STANDARD = gnu11;
				GCC_DYNAMIC_NO_PIC = NO;
				GCC_NO_COMMON_BLOCKS = YES;
				GCC_OPTIMIZATION_LEVEL = 0;
				GCC_PREPROCESSOR_DEFINITIONS = (
					"DEBUG=1",
					"$(inherited)",
				);
				GCC_WARN_64_TO_32_BIT_CONVERSION = YES;
				GCC_WARN_ABOUT_RETURN_TYPE = YES_ERROR;
				GCC_WARN_UNDECLARED_SELECTOR = YES;
				GCC_WARN_UNINITIALIZED_AUTOS = YES_AGGRESSIVE;
				GCC_WARN_UNUSED_FUNCTION = YES;
				GCC_WARN_UNUSED_VARIABLE = YES;
				IPHONEOS_DEPLOYMENT_TARGET = 14.4;
				MTL_ENABLE_DEBUG_INFO = INCLUDE_SOURCE;
				MTL_FAST_MATH = YES;
				ONLY_ACTIVE_ARCH = YES;
				SDKROOT = iphoneos;
				SWIFT_ACTIVE_COMPILATION_CONDITIONS = DEBUG;
				SWIFT_OPTIMIZATION_LEVEL = "-Onone";
			};
			name = Debug;
		};
		BD501DC32611A1A300DE60F2 /* Release */ = {
			isa = XCBuildConfiguration;
			buildSettings = {
				ALWAYS_SEARCH_USER_PATHS = NO;
				CLANG_ANALYZER_NONNULL = YES;
				CLANG_ANALYZER_NUMBER_OBJECT_CONVERSION = YES_AGGRESSIVE;
				CLANG_CXX_LANGUAGE_STANDARD = "gnu++14";
				CLANG_CXX_LIBRARY = "libc++";
				CLANG_ENABLE_MODULES = YES;
				CLANG_ENABLE_OBJC_ARC = YES;
				CLANG_ENABLE_OBJC_WEAK = YES;
				CLANG_WARN_BLOCK_CAPTURE_AUTORELEASING = YES;
				CLANG_WARN_BOOL_CONVERSION = YES;
				CLANG_WARN_COMMA = YES;
				CLANG_WARN_CONSTANT_CONVERSION = YES;
				CLANG_WARN_DEPRECATED_OBJC_IMPLEMENTATIONS = YES;
				CLANG_WARN_DIRECT_OBJC_ISA_USAGE = YES_ERROR;
				CLANG_WARN_DOCUMENTATION_COMMENTS = YES;
				CLANG_WARN_EMPTY_BODY = YES;
				CLANG_WARN_ENUM_CONVERSION = YES;
				CLANG_WARN_INFINITE_RECURSION = YES;
				CLANG_WARN_INT_CONVERSION = YES;
				CLANG_WARN_NON_LITERAL_NULL_CONVERSION = YES;
				CLANG_WARN_OBJC_IMPLICIT_RETAIN_SELF = YES;
				CLANG_WARN_OBJC_LITERAL_CONVERSION = YES;
				CLANG_WARN_OBJC_ROOT_CLASS = YES_ERROR;
				CLANG_WARN_QUOTED_INCLUDE_IN_FRAMEWORK_HEADER = YES;
				CLANG_WARN_RANGE_LOOP_ANALYSIS = YES;
				CLANG_WARN_STRICT_PROTOTYPES = YES;
				CLANG_WARN_SUSPICIOUS_MOVE = YES;
				CLANG_WARN_UNGUARDED_AVAILABILITY = YES_AGGRESSIVE;
				CLANG_WARN_UNREACHABLE_CODE = YES;
				CLANG_WARN__DUPLICATE_METHOD_MATCH = YES;
				COPY_PHASE_STRIP = NO;
				DEBUG_INFORMATION_FORMAT = "dwarf-with-dsym";
				ENABLE_NS_ASSERTIONS = NO;
				ENABLE_STRICT_OBJC_MSGSEND = YES;
				GCC_C_LANGUAGE_STANDARD = gnu11;
				GCC_NO_COMMON_BLOCKS = YES;
				GCC_WARN_64_TO_32_BIT_CONVERSION = YES;
				GCC_WARN_ABOUT_RETURN_TYPE = YES_ERROR;
				GCC_WARN_UNDECLARED_SELECTOR = YES;
				GCC_WARN_UNINITIALIZED_AUTOS = YES_AGGRESSIVE;
				GCC_WARN_UNUSED_FUNCTION = YES;
				GCC_WARN_UNUSED_VARIABLE = YES;
				IPHONEOS_DEPLOYMENT_TARGET = 14.4;
				MTL_ENABLE_DEBUG_INFO = NO;
				MTL_FAST_MATH = YES;
				SDKROOT = iphoneos;
				SWIFT_COMPILATION_MODE = wholemodule;
				SWIFT_OPTIMIZATION_LEVEL = "-O";
				VALIDATE_PRODUCT = YES;
			};
			name = Release;
		};
		BD501DC52611A1A300DE60F2 /* Debug */ = {
			isa = XCBuildConfiguration;
			buildSettings = {
				ASSETCATALOG_COMPILER_APPICON_NAME = AppIcon;
				ASSETCATALOG_COMPILER_GLOBAL_ACCENT_COLOR_NAME = AccentColor;
				CODE_SIGN_STYLE = Automatic;
				DEVELOPMENT_TEAM = 8KRV7X8GQ6;
				INFOPLIST_FILE = SignUpApp/Info.plist;
				LD_RUNPATH_SEARCH_PATHS = (
					"$(inherited)",
					"@executable_path/Frameworks",
				);
				PRODUCT_BUNDLE_IDENTIFIER = com.SignUpApp;
				PRODUCT_NAME = "$(TARGET_NAME)";
				SWIFT_VERSION = 5.0;
				TARGETED_DEVICE_FAMILY = "1,2";
			};
			name = Debug;
		};
		BD501DC62611A1A300DE60F2 /* Release */ = {
			isa = XCBuildConfiguration;
			buildSettings = {
				ASSETCATALOG_COMPILER_APPICON_NAME = AppIcon;
				ASSETCATALOG_COMPILER_GLOBAL_ACCENT_COLOR_NAME = AccentColor;
				CODE_SIGN_STYLE = Automatic;
				DEVELOPMENT_TEAM = 8KRV7X8GQ6;
				INFOPLIST_FILE = SignUpApp/Info.plist;
				LD_RUNPATH_SEARCH_PATHS = (
					"$(inherited)",
					"@executable_path/Frameworks",
				);
				PRODUCT_BUNDLE_IDENTIFIER = com.SignUpApp;
				PRODUCT_NAME = "$(TARGET_NAME)";
				SWIFT_VERSION = 5.0;
				TARGETED_DEVICE_FAMILY = "1,2";
			};
			name = Release;
		};
		BD501DC82611A1A300DE60F2 /* Debug */ = {
			isa = XCBuildConfiguration;
			buildSettings = {
				ALWAYS_EMBED_SWIFT_STANDARD_LIBRARIES = YES;
				BUNDLE_LOADER = "$(TEST_HOST)";
				CODE_SIGN_STYLE = Automatic;
				DEVELOPMENT_TEAM = 8KRV7X8GQ6;
				INFOPLIST_FILE = SignUpAppTests/Info.plist;
				IPHONEOS_DEPLOYMENT_TARGET = 14.4;
				LD_RUNPATH_SEARCH_PATHS = (
					"$(inherited)",
					"@executable_path/Frameworks",
					"@loader_path/Frameworks",
				);
				PRODUCT_BUNDLE_IDENTIFIER = com.SignUpAppTests;
				PRODUCT_NAME = "$(TARGET_NAME)";
				SWIFT_VERSION = 5.0;
				TARGETED_DEVICE_FAMILY = "1,2";
				TEST_HOST = "$(BUILT_PRODUCTS_DIR)/SignUpApp.app/SignUpApp";
			};
			name = Debug;
		};
		BD501DC92611A1A300DE60F2 /* Release */ = {
			isa = XCBuildConfiguration;
			buildSettings = {
				ALWAYS_EMBED_SWIFT_STANDARD_LIBRARIES = YES;
				BUNDLE_LOADER = "$(TEST_HOST)";
				CODE_SIGN_STYLE = Automatic;
				DEVELOPMENT_TEAM = 8KRV7X8GQ6;
				INFOPLIST_FILE = SignUpAppTests/Info.plist;
				IPHONEOS_DEPLOYMENT_TARGET = 14.4;
				LD_RUNPATH_SEARCH_PATHS = (
					"$(inherited)",
					"@executable_path/Frameworks",
					"@loader_path/Frameworks",
				);
				PRODUCT_BUNDLE_IDENTIFIER = com.SignUpAppTests;
				PRODUCT_NAME = "$(TARGET_NAME)";
				SWIFT_VERSION = 5.0;
				TARGETED_DEVICE_FAMILY = "1,2";
				TEST_HOST = "$(BUILT_PRODUCTS_DIR)/SignUpApp.app/SignUpApp";
			};
			name = Release;
		};
		BD501DCB2611A1A300DE60F2 /* Debug */ = {
			isa = XCBuildConfiguration;
			buildSettings = {
				ALWAYS_EMBED_SWIFT_STANDARD_LIBRARIES = YES;
				CODE_SIGN_STYLE = Automatic;
				DEVELOPMENT_TEAM = 8KRV7X8GQ6;
				INFOPLIST_FILE = SignUpAppUITests/Info.plist;
				LD_RUNPATH_SEARCH_PATHS = (
					"$(inherited)",
					"@executable_path/Frameworks",
					"@loader_path/Frameworks",
				);
				PRODUCT_BUNDLE_IDENTIFIER = com.SignUpAppUITests;
				PRODUCT_NAME = "$(TARGET_NAME)";
				SWIFT_VERSION = 5.0;
				TARGETED_DEVICE_FAMILY = "1,2";
				TEST_TARGET_NAME = SignUpApp;
			};
			name = Debug;
		};
		BD501DCC2611A1A300DE60F2 /* Release */ = {
			isa = XCBuildConfiguration;
			buildSettings = {
				ALWAYS_EMBED_SWIFT_STANDARD_LIBRARIES = YES;
				CODE_SIGN_STYLE = Automatic;
				DEVELOPMENT_TEAM = 8KRV7X8GQ6;
				INFOPLIST_FILE = SignUpAppUITests/Info.plist;
				LD_RUNPATH_SEARCH_PATHS = (
					"$(inherited)",
					"@executable_path/Frameworks",
					"@loader_path/Frameworks",
				);
				PRODUCT_BUNDLE_IDENTIFIER = com.SignUpAppUITests;
				PRODUCT_NAME = "$(TARGET_NAME)";
				SWIFT_VERSION = 5.0;
				TARGETED_DEVICE_FAMILY = "1,2";
				TEST_TARGET_NAME = SignUpApp;
			};
			name = Release;
		};
/* End XCBuildConfiguration section */

/* Begin XCConfigurationList section */
		BD501D952611A1A200DE60F2 /* Build configuration list for PBXProject "SignUpApp" */ = {
			isa = XCConfigurationList;
			buildConfigurations = (
				BD501DC22611A1A300DE60F2 /* Debug */,
				BD501DC32611A1A300DE60F2 /* Release */,
			);
			defaultConfigurationIsVisible = 0;
			defaultConfigurationName = Release;
		};
		BD501DC42611A1A300DE60F2 /* Build configuration list for PBXNativeTarget "SignUpApp" */ = {
			isa = XCConfigurationList;
			buildConfigurations = (
				BD501DC52611A1A300DE60F2 /* Debug */,
				BD501DC62611A1A300DE60F2 /* Release */,
			);
			defaultConfigurationIsVisible = 0;
			defaultConfigurationName = Release;
		};
		BD501DC72611A1A300DE60F2 /* Build configuration list for PBXNativeTarget "SignUpAppTests" */ = {
			isa = XCConfigurationList;
			buildConfigurations = (
				BD501DC82611A1A300DE60F2 /* Debug */,
				BD501DC92611A1A300DE60F2 /* Release */,
			);
			defaultConfigurationIsVisible = 0;
			defaultConfigurationName = Release;
		};
		BD501DCA2611A1A300DE60F2 /* Build configuration list for PBXNativeTarget "SignUpAppUITests" */ = {
			isa = XCConfigurationList;
			buildConfigurations = (
				BD501DCB2611A1A300DE60F2 /* Debug */,
				BD501DCC2611A1A300DE60F2 /* Release */,
			);
			defaultConfigurationIsVisible = 0;
			defaultConfigurationName = Release;
		};
/* End XCConfigurationList section */
	};
	rootObject = BD501D922611A1A200DE60F2 /* Project object */;
}
