// !$*UTF8*$!
{
	archiveVersion = 1;
	classes = {
	};
	objectVersion = 50;
	objects = {

/* Begin PBXBuildFile section */
		1E87F1D72611A1770063A1B4 /* AppDelegate.swift in Sources */ = {isa = PBXBuildFile; fileRef = 1E87F1D62611A1770063A1B4 /* AppDelegate.swift */; };
		1E87F1D92611A1770063A1B4 /* SceneDelegate.swift in Sources */ = {isa = PBXBuildFile; fileRef = 1E87F1D82611A1770063A1B4 /* SceneDelegate.swift */; };
		1E87F1DB2611A1770063A1B4 /* FirstSignUpViewController.swift in Sources */ = {isa = PBXBuildFile; fileRef = 1E87F1DA2611A1770063A1B4 /* FirstSignUpViewController.swift */; };
		1E87F1DE2611A1770063A1B4 /* Main.storyboard in Resources */ = {isa = PBXBuildFile; fileRef = 1E87F1DC2611A1770063A1B4 /* Main.storyboard */; };
		1E87F1E02611A17A0063A1B4 /* Assets.xcassets in Resources */ = {isa = PBXBuildFile; fileRef = 1E87F1DF2611A17A0063A1B4 /* Assets.xcassets */; };
		1E87F1E32611A17A0063A1B4 /* LaunchScreen.storyboard in Resources */ = {isa = PBXBuildFile; fileRef = 1E87F1E12611A17A0063A1B4 /* LaunchScreen.storyboard */; };
		1E87F1ED2611A7320063A1B4 /* Member.swift in Sources */ = {isa = PBXBuildFile; fileRef = 1E87F1EC2611A7320063A1B4 /* Member.swift */; };
		1E87F1F426121E770063A1B4 /* BaseTextFieldDelegate.swift in Sources */ = {isa = PBXBuildFile; fileRef = 1E87F1F326121E770063A1B4 /* BaseTextFieldDelegate.swift */; };
		1E87F1F726122D700063A1B4 /* Validater.swift in Sources */ = {isa = PBXBuildFile; fileRef = 1E87F1F626122D700063A1B4 /* Validater.swift */; };
		1E87F1FA2612F3F80063A1B4 /* SignUpTextField.swift in Sources */ = {isa = PBXBuildFile; fileRef = 1E87F1F92612F3F80063A1B4 /* SignUpTextField.swift */; };
		1E87F20326130B560063A1B4 /* IdTextFieldDelegate.swift in Sources */ = {isa = PBXBuildFile; fileRef = 1E87F20226130B560063A1B4 /* IdTextFieldDelegate.swift */; };
/* End PBXBuildFile section */

/* Begin PBXFileReference section */
		1E87F1D32611A1770063A1B4 /* SignUp.app */ = {isa = PBXFileReference; explicitFileType = wrapper.application; includeInIndex = 0; path = SignUp.app; sourceTree = BUILT_PRODUCTS_DIR; };
		1E87F1D62611A1770063A1B4 /* AppDelegate.swift */ = {isa = PBXFileReference; lastKnownFileType = sourcecode.swift; path = AppDelegate.swift; sourceTree = "<group>"; };
		1E87F1D82611A1770063A1B4 /* SceneDelegate.swift */ = {isa = PBXFileReference; lastKnownFileType = sourcecode.swift; path = SceneDelegate.swift; sourceTree = "<group>"; };
		1E87F1DA2611A1770063A1B4 /* FirstSignUpViewController.swift */ = {isa = PBXFileReference; lastKnownFileType = sourcecode.swift; path = FirstSignUpViewController.swift; sourceTree = "<group>"; };
		1E87F1DD2611A1770063A1B4 /* Base */ = {isa = PBXFileReference; lastKnownFileType = file.storyboard; name = Base; path = Base.lproj/Main.storyboard; sourceTree = "<group>"; };
		1E87F1DF2611A17A0063A1B4 /* Assets.xcassets */ = {isa = PBXFileReference; lastKnownFileType = folder.assetcatalog; path = Assets.xcassets; sourceTree = "<group>"; };
		1E87F1E22611A17A0063A1B4 /* Base */ = {isa = PBXFileReference; lastKnownFileType = file.storyboard; name = Base; path = Base.lproj/LaunchScreen.storyboard; sourceTree = "<group>"; };
		1E87F1E42611A17A0063A1B4 /* Info.plist */ = {isa = PBXFileReference; lastKnownFileType = text.plist.xml; path = Info.plist; sourceTree = "<group>"; };
		1E87F1EC2611A7320063A1B4 /* Member.swift */ = {isa = PBXFileReference; lastKnownFileType = sourcecode.swift; path = Member.swift; sourceTree = "<group>"; };
		1E87F1F326121E770063A1B4 /* BaseTextFieldDelegate.swift */ = {isa = PBXFileReference; lastKnownFileType = sourcecode.swift; path = BaseTextFieldDelegate.swift; sourceTree = "<group>"; };
		1E87F1F626122D700063A1B4 /* Validater.swift */ = {isa = PBXFileReference; lastKnownFileType = sourcecode.swift; path = Validater.swift; sourceTree = "<group>"; };
		1E87F1F92612F3F80063A1B4 /* SignUpTextField.swift */ = {isa = PBXFileReference; lastKnownFileType = sourcecode.swift; path = SignUpTextField.swift; sourceTree = "<group>"; };
		1E87F20226130B560063A1B4 /* IdTextFieldDelegate.swift */ = {isa = PBXFileReference; lastKnownFileType = sourcecode.swift; path = IdTextFieldDelegate.swift; sourceTree = "<group>"; };
/* End PBXFileReference section */

/* Begin PBXFrameworksBuildPhase section */
		1E87F1D02611A1770063A1B4 /* Frameworks */ = {
			isa = PBXFrameworksBuildPhase;
			buildActionMask = 2147483647;
			files = (
			);
			runOnlyForDeploymentPostprocessing = 0;
		};
/* End PBXFrameworksBuildPhase section */

/* Begin PBXGroup section */
		1E87F1CA2611A1770063A1B4 = {
			isa = PBXGroup;
			children = (
				1E87F1D52611A1770063A1B4 /* SignUp */,
				1E87F1D42611A1770063A1B4 /* Products */,
			);
			sourceTree = "<group>";
		};
		1E87F1D42611A1770063A1B4 /* Products */ = {
			isa = PBXGroup;
			children = (
				1E87F1D32611A1770063A1B4 /* SignUp.app */,
			);
			name = Products;
			sourceTree = "<group>";
		};
		1E87F1D52611A1770063A1B4 /* SignUp */ = {
			isa = PBXGroup;
			children = (
				1E87F1FE2612FEF10063A1B4 /* Delegate */,
				1E87F1FD2612FED10063A1B4 /* View */,
				1E87F1FC2612FEB50063A1B4 /* ViewController */,
				1E87F1EF2611A73E0063A1B4 /* Model */,
				1E87F1DC2611A1770063A1B4 /* Main.storyboard */,
				1E87F1DF2611A17A0063A1B4 /* Assets.xcassets */,
				1E87F1E12611A17A0063A1B4 /* LaunchScreen.storyboard */,
				1E87F1E42611A17A0063A1B4 /* Info.plist */,
			);
			path = SignUp;
			sourceTree = "<group>";
		};
		1E87F1EF2611A73E0063A1B4 /* Model */ = {
			isa = PBXGroup;
			children = (
				1E87F1EC2611A7320063A1B4 /* Member.swift */,
				1E87F1F626122D700063A1B4 /* Validater.swift */,
			);
			path = Model;
			sourceTree = "<group>";
		};
		1E87F1FC2612FEB50063A1B4 /* ViewController */ = {
			isa = PBXGroup;
			children = (
				1E87F1DA2611A1770063A1B4 /* FirstSignUpViewController.swift */,
			);
			path = ViewController;
			sourceTree = "<group>";
		};
		1E87F1FD2612FED10063A1B4 /* View */ = {
			isa = PBXGroup;
			children = (
				1E87F1F92612F3F80063A1B4 /* SignUpTextField.swift */,
			);
			path = View;
			sourceTree = "<group>";
		};
		1E87F1FE2612FEF10063A1B4 /* Delegate */ = {
			isa = PBXGroup;
			children = (
				1E87F205261310CC0063A1B4 /* TextFiledDelegate */,
				1E87F1D62611A1770063A1B4 /* AppDelegate.swift */,
				1E87F1D82611A1770063A1B4 /* SceneDelegate.swift */,
			);
			path = Delegate;
			sourceTree = "<group>";
		};
		1E87F205261310CC0063A1B4 /* TextFiledDelegate */ = {
			isa = PBXGroup;
			children = (
				1E87F1F326121E770063A1B4 /* BaseTextFieldDelegate.swift */,
				1E87F20226130B560063A1B4 /* IdTextFieldDelegate.swift */,
			);
			path = TextFiledDelegate;
			sourceTree = "<group>";
		};
/* End PBXGroup section */

/* Begin PBXNativeTarget section */
		1E87F1D22611A1770063A1B4 /* SignUp */ = {
			isa = PBXNativeTarget;
			buildConfigurationList = 1E87F1E72611A17A0063A1B4 /* Build configuration list for PBXNativeTarget "SignUp" */;
			buildPhases = (
				1E87F1CF2611A1770063A1B4 /* Sources */,
				1E87F1D02611A1770063A1B4 /* Frameworks */,
				1E87F1D12611A1770063A1B4 /* Resources */,
			);
			buildRules = (
			);
			dependencies = (
			);
			name = SignUp;
			productName = SignUp;
			productReference = 1E87F1D32611A1770063A1B4 /* SignUp.app */;
			productType = "com.apple.product-type.application";
		};
/* End PBXNativeTarget section */

/* Begin PBXProject section */
		1E87F1CB2611A1770063A1B4 /* Project object */ = {
			isa = PBXProject;
			attributes = {
				LastSwiftUpdateCheck = 1230;
				LastUpgradeCheck = 1230;
				TargetAttributes = {
					1E87F1D22611A1770063A1B4 = {
						CreatedOnToolsVersion = 12.3;
					};
				};
			};
			buildConfigurationList = 1E87F1CE2611A1770063A1B4 /* Build configuration list for PBXProject "SignUp" */;
			compatibilityVersion = "Xcode 9.3";
			developmentRegion = en;
			hasScannedForEncodings = 0;
			knownRegions = (
				en,
				Base,
			);
			mainGroup = 1E87F1CA2611A1770063A1B4;
			productRefGroup = 1E87F1D42611A1770063A1B4 /* Products */;
			projectDirPath = "";
			projectRoot = "";
			targets = (
				1E87F1D22611A1770063A1B4 /* SignUp */,
			);
		};
/* End PBXProject section */

/* Begin PBXResourcesBuildPhase section */
		1E87F1D12611A1770063A1B4 /* Resources */ = {
			isa = PBXResourcesBuildPhase;
			buildActionMask = 2147483647;
			files = (
				1E87F1E32611A17A0063A1B4 /* LaunchScreen.storyboard in Resources */,
				1E87F1E02611A17A0063A1B4 /* Assets.xcassets in Resources */,
				1E87F1DE2611A1770063A1B4 /* Main.storyboard in Resources */,
			);
			runOnlyForDeploymentPostprocessing = 0;
		};
/* End PBXResourcesBuildPhase section */

/* Begin PBXSourcesBuildPhase section */
		1E87F1CF2611A1770063A1B4 /* Sources */ = {
			isa = PBXSourcesBuildPhase;
			buildActionMask = 2147483647;
			files = (
				1E87F1F726122D700063A1B4 /* Validater.swift in Sources */,
				1E87F1DB2611A1770063A1B4 /* FirstSignUpViewController.swift in Sources */,
				1E87F1FA2612F3F80063A1B4 /* SignUpTextField.swift in Sources */,
				1E87F1D72611A1770063A1B4 /* AppDelegate.swift in Sources */,
				1E87F1D92611A1770063A1B4 /* SceneDelegate.swift in Sources */,
				1E87F20326130B560063A1B4 /* IdTextFieldDelegate.swift in Sources */,
				1E87F1F426121E770063A1B4 /* BaseTextFieldDelegate.swift in Sources */,
				1E87F1ED2611A7320063A1B4 /* Member.swift in Sources */,
			);
			runOnlyForDeploymentPostprocessing = 0;
		};
/* End PBXSourcesBuildPhase section */

/* Begin PBXVariantGroup section */
		1E87F1DC2611A1770063A1B4 /* Main.storyboard */ = {
			isa = PBXVariantGroup;
			children = (
				1E87F1DD2611A1770063A1B4 /* Base */,
			);
			name = Main.storyboard;
			sourceTree = "<group>";
		};
		1E87F1E12611A17A0063A1B4 /* LaunchScreen.storyboard */ = {
			isa = PBXVariantGroup;
			children = (
				1E87F1E22611A17A0063A1B4 /* Base */,
			);
			name = LaunchScreen.storyboard;
			sourceTree = "<group>";
		};
/* End PBXVariantGroup section */

/* Begin XCBuildConfiguration section */
		1E87F1E52611A17A0063A1B4 /* Debug */ = {
			isa = XCBuildConfiguration;
			buildSettings = {
				ALWAYS_SEARCH_USER_PATHS = NO;
				CLANG_ANALYZER_NONNULL = YES;
				CLANG_ANALYZER_NUMBER_OBJECT_CONVERSION = YES_AGGRESSIVE;
				CLANG_CXX_LANGUAGE_STANDARD = "gnu++14";
				CLANG_CXX_LIBRARY = "libc++";
				CLANG_ENABLE_MODULES = YES;
				CLANG_ENABLE_OBJC_ARC = YES;
				CLANG_ENABLE_OBJC_WEAK = YES;
				CLANG_WARN_BLOCK_CAPTURE_AUTORELEASING = YES;
				CLANG_WARN_BOOL_CONVERSION = YES;
				CLANG_WARN_COMMA = YES;
				CLANG_WARN_CONSTANT_CONVERSION = YES;
				CLANG_WARN_DEPRECATED_OBJC_IMPLEMENTATIONS = YES;
				CLANG_WARN_DIRECT_OBJC_ISA_USAGE = YES_ERROR;
				CLANG_WARN_DOCUMENTATION_COMMENTS = YES;
				CLANG_WARN_EMPTY_BODY = YES;
				CLANG_WARN_ENUM_CONVERSION = YES;
				CLANG_WARN_INFINITE_RECURSION = YES;
				CLANG_WARN_INT_CONVERSION = YES;
				CLANG_WARN_NON_LITERAL_NULL_CONVERSION = YES;
				CLANG_WARN_OBJC_IMPLICIT_RETAIN_SELF = YES;
				CLANG_WARN_OBJC_LITERAL_CONVERSION = YES;
				CLANG_WARN_OBJC_ROOT_CLASS = YES_ERROR;
				CLANG_WARN_QUOTED_INCLUDE_IN_FRAMEWORK_HEADER = YES;
				CLANG_WARN_RANGE_LOOP_ANALYSIS = YES;
				CLANG_WARN_STRICT_PROTOTYPES = YES;
				CLANG_WARN_SUSPICIOUS_MOVE = YES;
				CLANG_WARN_UNGUARDED_AVAILABILITY = YES_AGGRESSIVE;
				CLANG_WARN_UNREACHABLE_CODE = YES;
				CLANG_WARN__DUPLICATE_METHOD_MATCH = YES;
				COPY_PHASE_STRIP = NO;
				DEBUG_INFORMATION_FORMAT = dwarf;
				ENABLE_STRICT_OBJC_MSGSEND = YES;
				ENABLE_TESTABILITY = YES;
				GCC_C_LANGUAGE_STANDARD = gnu11;
				GCC_DYNAMIC_NO_PIC = NO;
				GCC_NO_COMMON_BLOCKS = YES;
				GCC_OPTIMIZATION_LEVEL = 0;
				GCC_PREPROCESSOR_DEFINITIONS = (
					"DEBUG=1",
					"$(inherited)",
				);
				GCC_WARN_64_TO_32_BIT_CONVERSION = YES;
				GCC_WARN_ABOUT_RETURN_TYPE = YES_ERROR;
				GCC_WARN_UNDECLARED_SELECTOR = YES;
				GCC_WARN_UNINITIALIZED_AUTOS = YES_AGGRESSIVE;
				GCC_WARN_UNUSED_FUNCTION = YES;
				GCC_WARN_UNUSED_VARIABLE = YES;
				IPHONEOS_DEPLOYMENT_TARGET = 14.3;
				MTL_ENABLE_DEBUG_INFO = INCLUDE_SOURCE;
				MTL_FAST_MATH = YES;
				ONLY_ACTIVE_ARCH = YES;
				SDKROOT = iphoneos;
				SWIFT_ACTIVE_COMPILATION_CONDITIONS = DEBUG;
				SWIFT_OPTIMIZATION_LEVEL = "-Onone";
			};
			name = Debug;
		};
		1E87F1E62611A17A0063A1B4 /* Release */ = {
			isa = XCBuildConfiguration;
			buildSettings = {
				ALWAYS_SEARCH_USER_PATHS = NO;
				CLANG_ANALYZER_NONNULL = YES;
				CLANG_ANALYZER_NUMBER_OBJECT_CONVERSION = YES_AGGRESSIVE;
				CLANG_CXX_LANGUAGE_STANDARD = "gnu++14";
				CLANG_CXX_LIBRARY = "libc++";
				CLANG_ENABLE_MODULES = YES;
				CLANG_ENABLE_OBJC_ARC = YES;
				CLANG_ENABLE_OBJC_WEAK = YES;
				CLANG_WARN_BLOCK_CAPTURE_AUTORELEASING = YES;
				CLANG_WARN_BOOL_CONVERSION = YES;
				CLANG_WARN_COMMA = YES;
				CLANG_WARN_CONSTANT_CONVERSION = YES;
				CLANG_WARN_DEPRECATED_OBJC_IMPLEMENTATIONS = YES;
				CLANG_WARN_DIRECT_OBJC_ISA_USAGE = YES_ERROR;
				CLANG_WARN_DOCUMENTATION_COMMENTS = YES;
				CLANG_WARN_EMPTY_BODY = YES;
				CLANG_WARN_ENUM_CONVERSION = YES;
				CLANG_WARN_INFINITE_RECURSION = YES;
				CLANG_WARN_INT_CONVERSION = YES;
				CLANG_WARN_NON_LITERAL_NULL_CONVERSION = YES;
				CLANG_WARN_OBJC_IMPLICIT_RETAIN_SELF = YES;
				CLANG_WARN_OBJC_LITERAL_CONVERSION = YES;
				CLANG_WARN_OBJC_ROOT_CLASS = YES_ERROR;
				CLANG_WARN_QUOTED_INCLUDE_IN_FRAMEWORK_HEADER = YES;
				CLANG_WARN_RANGE_LOOP_ANALYSIS = YES;
				CLANG_WARN_STRICT_PROTOTYPES = YES;
				CLANG_WARN_SUSPICIOUS_MOVE = YES;
				CLANG_WARN_UNGUARDED_AVAILABILITY = YES_AGGRESSIVE;
				CLANG_WARN_UNREACHABLE_CODE = YES;
				CLANG_WARN__DUPLICATE_METHOD_MATCH = YES;
				COPY_PHASE_STRIP = NO;
				DEBUG_INFORMATION_FORMAT = "dwarf-with-dsym";
				ENABLE_NS_ASSERTIONS = NO;
				ENABLE_STRICT_OBJC_MSGSEND = YES;
				GCC_C_LANGUAGE_STANDARD = gnu11;
				GCC_NO_COMMON_BLOCKS = YES;
				GCC_WARN_64_TO_32_BIT_CONVERSION = YES;
				GCC_WARN_ABOUT_RETURN_TYPE = YES_ERROR;
				GCC_WARN_UNDECLARED_SELECTOR = YES;
				GCC_WARN_UNINITIALIZED_AUTOS = YES_AGGRESSIVE;
				GCC_WARN_UNUSED_FUNCTION = YES;
				GCC_WARN_UNUSED_VARIABLE = YES;
				IPHONEOS_DEPLOYMENT_TARGET = 14.3;
				MTL_ENABLE_DEBUG_INFO = NO;
				MTL_FAST_MATH = YES;
				SDKROOT = iphoneos;
				SWIFT_COMPILATION_MODE = wholemodule;
				SWIFT_OPTIMIZATION_LEVEL = "-O";
				VALIDATE_PRODUCT = YES;
			};
			name = Release;
		};
		1E87F1E82611A17A0063A1B4 /* Debug */ = {
			isa = XCBuildConfiguration;
			buildSettings = {
				ASSETCATALOG_COMPILER_APPICON_NAME = AppIcon;
				ASSETCATALOG_COMPILER_GLOBAL_ACCENT_COLOR_NAME = AccentColor;
				CODE_SIGN_STYLE = Automatic;
				INFOPLIST_FILE = SignUp/Info.plist;
				LD_RUNPATH_SEARCH_PATHS = (
					"$(inherited)",
					"@executable_path/Frameworks",
				);
				PRODUCT_BUNDLE_IDENTIFIER = HongzCloud.SignUp;
				PRODUCT_NAME = "$(TARGET_NAME)";
				SWIFT_VERSION = 5.0;
				TARGETED_DEVICE_FAMILY = "1,2";
			};
			name = Debug;
		};
		1E87F1E92611A17A0063A1B4 /* Release */ = {
			isa = XCBuildConfiguration;
			buildSettings = {
				ASSETCATALOG_COMPILER_APPICON_NAME = AppIcon;
				ASSETCATALOG_COMPILER_GLOBAL_ACCENT_COLOR_NAME = AccentColor;
				CODE_SIGN_STYLE = Automatic;
				INFOPLIST_FILE = SignUp/Info.plist;
				LD_RUNPATH_SEARCH_PATHS = (
					"$(inherited)",
					"@executable_path/Frameworks",
				);
				PRODUCT_BUNDLE_IDENTIFIER = HongzCloud.SignUp;
				PRODUCT_NAME = "$(TARGET_NAME)";
				SWIFT_VERSION = 5.0;
				TARGETED_DEVICE_FAMILY = "1,2";
			};
			name = Release;
		};
/* End XCBuildConfiguration section */

/* Begin XCConfigurationList section */
		1E87F1CE2611A1770063A1B4 /* Build configuration list for PBXProject "SignUp" */ = {
			isa = XCConfigurationList;
			buildConfigurations = (
				1E87F1E52611A17A0063A1B4 /* Debug */,
				1E87F1E62611A17A0063A1B4 /* Release */,
			);
			defaultConfigurationIsVisible = 0;
			defaultConfigurationName = Release;
		};
		1E87F1E72611A17A0063A1B4 /* Build configuration list for PBXNativeTarget "SignUp" */ = {
			isa = XCConfigurationList;
			buildConfigurations = (
				1E87F1E82611A17A0063A1B4 /* Debug */,
				1E87F1E92611A17A0063A1B4 /* Release */,
			);
			defaultConfigurationIsVisible = 0;
			defaultConfigurationName = Release;
		};
/* End XCConfigurationList section */
	};
	rootObject = 1E87F1CB2611A1770063A1B4 /* Project object */;
}
